
Microsoft Visual Studio Solution File, Format Version 12.00
# Visual Studio Version 17
VisualStudioVersion = 17.14.36401.2
MinimumVisualStudioVersion = 10.0.40219.1
Project("{FAE04EC0-301F-11D3-BF4B-00C04F79EFBC}") = "EfCoreWebApi", "EfCoreWebApi\EfCoreWebApi.csproj", "{286E695B-1FC2-4687-A654-94CDBF41BED9}"
EndProject
Project("{FAE04EC0-301F-11D3-BF4B-00C04F79EFBC}") = "EfCoreWebAPIs.Application", "EfCoreWebAPIs.Application\EfCoreWebAPIs.Application.csproj", "{9F24510F-1A99-403B-9E98-235327858822}"
EndProject
Project("{FAE04EC0-301F-11D3-BF4B-00C04F79EFBC}") = "EfCoreWebAPIs.Core", "EfCoreWebAPIs.Core\EfCoreWebAPIs.Core.csproj", "{90BFE1F5-862C-4367-952F-BD6AE863E4CE}"
EndProject
Project("{FAE04EC0-301F-11D3-BF4B-00C04F79EFBC}") = "EfCoreWebAPIs.Infrastructure", "EfCoreWebAPIs.Infrastructure\EfCoreWebAPIs.Infrastructure.csproj", "{24E20D31-54F1-447B-92E6-5C9E8A46B4C7}"
EndProject
Global
	GlobalSection(SolutionConfigurationPlatforms) = preSolution
		Debug|Any CPU = Debug|Any CPU
		Release|Any CPU = Release|Any CPU
	EndGlobalSection
	GlobalSection(ProjectConfigurationPlatforms) = postSolution
		{286E695B-1FC2-4687-A654-94CDBF41BED9}.Debug|Any CPU.ActiveCfg = Debug|Any CPU
		{286E695B-1FC2-4687-A654-94CDBF41BED9}.Debug|Any CPU.Build.0 = Debug|Any CPU
		{286E695B-1FC2-4687-A654-94CDBF41BED9}.Release|Any CPU.ActiveCfg = Release|Any CPU
		{286E695B-1FC2-4687-A654-94CDBF41BED9}.Release|Any CPU.Build.0 = Release|Any CPU
		{9F24510F-1A99-403B-9E98-235327858822}.Debug|Any CPU.ActiveCfg = Debug|Any CPU
		{9F24510F-1A99-403B-9E98-235327858822}.Debug|Any CPU.Build.0 = Debug|Any CPU
		{9F24510F-1A99-403B-9E98-235327858822}.Release|Any CPU.ActiveCfg = Release|Any CPU
		{9F24510F-1A99-403B-9E98-235327858822}.Release|Any CPU.Build.0 = Release|Any CPU
		{90BFE1F5-862C-4367-952F-BD6AE863E4CE}.Debug|Any CPU.ActiveCfg = Debug|Any CPU
		{90BFE1F5-862C-4367-952F-BD6AE863E4CE}.Debug|Any CPU.Build.0 = Debug|Any CPU
		{90BFE1F5-862C-4367-952F-BD6AE863E4CE}.Release|Any CPU.ActiveCfg = Release|Any CPU
		{90BFE1F5-862C-4367-952F-BD6AE863E4CE}.Release|Any CPU.Build.0 = Release|Any CPU
		{24E20D31-54F1-447B-92E6-5C9E8A46B4C7}.Debug|Any CPU.ActiveCfg = Debug|Any CPU
		{24E20D31-54F1-447B-92E6-5C9E8A46B4C7}.Debug|Any CPU.Build.0 = Debug|Any CPU
		{24E20D31-54F1-447B-92E6-5C9E8A46B4C7}.Release|Any CPU.ActiveCfg = Release|Any CPU
		{24E20D31-54F1-447B-92E6-5C9E8A46B4C7}.Release|Any CPU.Build.0 = Release|Any CPU
	EndGlobalSection
	GlobalSection(SolutionProperties) = preSolution
		HideSolutionNode = FALSE
	EndGlobalSection
	GlobalSection(ExtensibilityGlobals) = postSolution
		SolutionGuid = {A05305AD-9AD5-4062-82FC-EB4CF46B5398}
	EndGlobalSection
EndGlobal
